
Microsoft Visual Studio Solution File, Format Version 12.00
# Visual Studio Version 17
VisualStudioVersion = 17.0.31903.59
MinimumVisualStudioVersion = 10.0.40219.1
Project("{FAE04EC0-301F-11D3-BF4B-00C04F79EFBC}") = "Bank.WebApi", "Bank.WebApi\Bank.WebApi.csproj", "{A0A12C14-0649-405C-9DAA-059ABBB927B6}"
EndProject
Project("{FAE04EC0-301F-11D3-BF4B-00C04F79EFBC}") = "Bank.WebApi.Tests", "Bank.WebApi.Tests\Bank.WebApi.Tests.csproj", "{11305EEA-CA08-4A72-A62C-4A5F4C5D3802}"
EndProject
Global
	GlobalSection(SolutionConfigurationPlatforms) = preSolution
		Debug|Any CPU = Debug|Any CPU
		Release|Any CPU = Release|Any CPU
	EndGlobalSection
	GlobalSection(SolutionProperties) = preSolution
		HideSolutionNode = FALSE
	EndGlobalSection
	GlobalSection(ProjectConfigurationPlatforms) = postSolution
		{A0A12C14-0649-405C-9DAA-059ABBB927B6}.Debug|Any CPU.ActiveCfg = Debug|Any CPU
		{A0A12C14-0649-405C-9DAA-059ABBB927B6}.Debug|Any CPU.Build.0 = Debug|Any CPU
		{A0A12C14-0649-405C-9DAA-059ABBB927B6}.Release|Any CPU.ActiveCfg = Release|Any CPU
		{A0A12C14-0649-405C-9DAA-059ABBB927B6}.Release|Any CPU.Build.0 = Release|Any CPU
		{11305EEA-CA08-4A72-A62C-4A5F4C5D3802}.Debug|Any CPU.ActiveCfg = Debug|Any CPU
		{11305EEA-CA08-4A72-A62C-4A5F4C5D3802}.Debug|Any CPU.Build.0 = Debug|Any CPU
		{11305EEA-CA08-4A72-A62C-4A5F4C5D3802}.Release|Any CPU.ActiveCfg = Release|Any CPU
		{11305EEA-CA08-4A72-A62C-4A5F4C5D3802}.Release|Any CPU.Build.0 = Release|Any CPU
	EndGlobalSection
EndGlobal
